
Microsoft Visual Studio Solution File, Format Version 12.00
# Visual Studio Version 17
VisualStudioVersion = 17.13.35931.197
MinimumVisualStudioVersion = 10.0.40219.1
Project("{FAE04EC0-301F-11D3-BF4B-00C04F79EFBC}") = "ePortal.WebUI", "ePortal.WebUI\ePortal.WebUI.csproj", "{9229D7D4-B6E5-4C49-B0D6-77367F149452}"
EndProject
Project("{FAE04EC0-301F-11D3-BF4B-00C04F79EFBC}") = "ePortal.Application", "ePortal.Application\ePortal.Application.csproj", "{11728CC2-E294-4BFA-A05F-FA8FD3EDF6D6}"
EndProject
Project("{FAE04EC0-301F-11D3-BF4B-00C04F79EFBC}") = "ePortal.DomainClasses", "ePortal.Domain\ePortal.DomainClasses.csproj", "{3C8BCBC7-CAA5-4407-8537-781F6AF7D4F8}"
EndProject
Project("{FAE04EC0-301F-11D3-BF4B-00C04F79EFBC}") = "ePortal.Infrastructure", "ePortal.Infrastructure\ePortal.Infrastructure.csproj", "{27C777AF-5E90-45CF-A2BF-1641A3E5F69D}"
EndProject
Project("{FAE04EC0-301F-11D3-BF4B-00C04F79EFBC}") = "ePortal.Persistence", "ePortal.Persistence\ePortal.Persistence.csproj", "{97CF4FEA-7DFD-456B-822A-032CBD3928FF}"
EndProject
Project("{FAE04EC0-301F-11D3-BF4B-00C04F79EFBC}") = "ePortal.ViewModels", "ePortal.ViewModels\ePortal.ViewModels.csproj", "{9EA5F99E-BAAC-43D7-AE94-D05A63EAAFCD}"
EndProject
Project("{FAE04EC0-301F-11D3-BF4B-00C04F79EFBC}") = "ePortal.Shared", "ePortal.Shared\ePortal.Shared.csproj", "{CDAC7F38-8ACA-411A-A906-0FA6FE01EB39}"
EndProject
Project("{FAE04EC0-301F-11D3-BF4B-00C04F79EFBC}") = "ePortal.API", "ePortal.API\ePortal.API.csproj", "{3FE5A0A6-2A15-4EB4-8E26-CA731F3197F4}"
EndProject
Global
	GlobalSection(SolutionConfigurationPlatforms) = preSolution
		Debug|Any CPU = Debug|Any CPU
		Release|Any CPU = Release|Any CPU
	EndGlobalSection
	GlobalSection(ProjectConfigurationPlatforms) = postSolution
		{9229D7D4-B6E5-4C49-B0D6-77367F149452}.Debug|Any CPU.ActiveCfg = Debug|Any CPU
		{9229D7D4-B6E5-4C49-B0D6-77367F149452}.Debug|Any CPU.Build.0 = Debug|Any CPU
		{9229D7D4-B6E5-4C49-B0D6-77367F149452}.Release|Any CPU.ActiveCfg = Release|Any CPU
		{9229D7D4-B6E5-4C49-B0D6-77367F149452}.Release|Any CPU.Build.0 = Release|Any CPU
		{11728CC2-E294-4BFA-A05F-FA8FD3EDF6D6}.Debug|Any CPU.ActiveCfg = Debug|Any CPU
		{11728CC2-E294-4BFA-A05F-FA8FD3EDF6D6}.Debug|Any CPU.Build.0 = Debug|Any CPU
		{11728CC2-E294-4BFA-A05F-FA8FD3EDF6D6}.Release|Any CPU.ActiveCfg = Release|Any CPU
		{11728CC2-E294-4BFA-A05F-FA8FD3EDF6D6}.Release|Any CPU.Build.0 = Release|Any CPU
		{3C8BCBC7-CAA5-4407-8537-781F6AF7D4F8}.Debug|Any CPU.ActiveCfg = Debug|Any CPU
		{3C8BCBC7-CAA5-4407-8537-781F6AF7D4F8}.Debug|Any CPU.Build.0 = Debug|Any CPU
		{3C8BCBC7-CAA5-4407-8537-781F6AF7D4F8}.Release|Any CPU.ActiveCfg = Release|Any CPU
		{3C8BCBC7-CAA5-4407-8537-781F6AF7D4F8}.Release|Any CPU.Build.0 = Release|Any CPU
		{27C777AF-5E90-45CF-A2BF-1641A3E5F69D}.Debug|Any CPU.ActiveCfg = Debug|Any CPU
		{27C777AF-5E90-45CF-A2BF-1641A3E5F69D}.Debug|Any CPU.Build.0 = Debug|Any CPU
		{27C777AF-5E90-45CF-A2BF-1641A3E5F69D}.Release|Any CPU.ActiveCfg = Release|Any CPU
		{27C777AF-5E90-45CF-A2BF-1641A3E5F69D}.Release|Any CPU.Build.0 = Release|Any CPU
		{97CF4FEA-7DFD-456B-822A-032CBD3928FF}.Debug|Any CPU.ActiveCfg = Debug|Any CPU
		{97CF4FEA-7DFD-456B-822A-032CBD3928FF}.Debug|Any CPU.Build.0 = Debug|Any CPU
		{97CF4FEA-7DFD-456B-822A-032CBD3928FF}.Release|Any CPU.ActiveCfg = Release|Any CPU
		{97CF4FEA-7DFD-456B-822A-032CBD3928FF}.Release|Any CPU.Build.0 = Release|Any CPU
		{9EA5F99E-BAAC-43D7-AE94-D05A63EAAFCD}.Debug|Any CPU.ActiveCfg = Debug|Any CPU
		{9EA5F99E-BAAC-43D7-AE94-D05A63EAAFCD}.Debug|Any CPU.Build.0 = Debug|Any CPU
		{9EA5F99E-BAAC-43D7-AE94-D05A63EAAFCD}.Release|Any CPU.ActiveCfg = Release|Any CPU
		{9EA5F99E-BAAC-43D7-AE94-D05A63EAAFCD}.Release|Any CPU.Build.0 = Release|Any CPU
		{CDAC7F38-8ACA-411A-A906-0FA6FE01EB39}.Debug|Any CPU.ActiveCfg = Debug|Any CPU
		{CDAC7F38-8ACA-411A-A906-0FA6FE01EB39}.Debug|Any CPU.Build.0 = Debug|Any CPU
		{CDAC7F38-8ACA-411A-A906-0FA6FE01EB39}.Release|Any CPU.ActiveCfg = Release|Any CPU
		{CDAC7F38-8ACA-411A-A906-0FA6FE01EB39}.Release|Any CPU.Build.0 = Release|Any CPU
		{3FE5A0A6-2A15-4EB4-8E26-CA731F3197F4}.Debug|Any CPU.ActiveCfg = Debug|Any CPU
		{3FE5A0A6-2A15-4EB4-8E26-CA731F3197F4}.Debug|Any CPU.Build.0 = Debug|Any CPU
		{3FE5A0A6-2A15-4EB4-8E26-CA731F3197F4}.Release|Any CPU.ActiveCfg = Release|Any CPU
		{3FE5A0A6-2A15-4EB4-8E26-CA731F3197F4}.Release|Any CPU.Build.0 = Release|Any CPU
	EndGlobalSection
	GlobalSection(SolutionProperties) = preSolution
		HideSolutionNode = FALSE
	EndGlobalSection
	GlobalSection(ExtensibilityGlobals) = postSolution
		SolutionGuid = {43D6A63B-96FF-496A-BA33-4F719D9C473C}
	EndGlobalSection
EndGlobal
